
Microsoft Visual Studio Solution File, Format Version 12.00
# Visual Studio Version 16
VisualStudioVersion = 16.0.30406.217
MinimumVisualStudioVersion = 10.0.40219.1
Project("{FAE04EC0-301F-11D3-BF4B-00C04F79EFBC}") = "JoachAutrement", "JoachAutrement.csproj", "{C6413696-50DC-4A18-B197-E870686479E2}"
EndProject
Global
	GlobalSection(SolutionConfigurationPlatforms) = preSolution
		Debug|Any CPU = Debug|Any CPU
		Release|Any CPU = Release|Any CPU
	EndGlobalSection
	GlobalSection(ProjectConfigurationPlatforms) = postSolution
		{C6413696-50DC-4A18-B197-E870686479E2}.Debug|Any CPU.ActiveCfg = Debug|Any CPU
		{C6413696-50DC-4A18-B197-E870686479E2}.Debug|Any CPU.Build.0 = Debug|Any CPU
		{C6413696-50DC-4A18-B197-E870686479E2}.Release|Any CPU.ActiveCfg = Release|Any CPU
		{C6413696-50DC-4A18-B197-E870686479E2}.Release|Any CPU.Build.0 = Release|Any CPU
	EndGlobalSection
	GlobalSection(SolutionProperties) = preSolution
		HideSolutionNode = FALSE
	EndGlobalSection
	GlobalSection(ExtensibilityGlobals) = postSolution
		SolutionGuid = {91AD2F15-1CA2-4E51-B111-4B3859CE0C9D}
	EndGlobalSection
EndGlobal
